
Microsoft Visual Studio Solution File, Format Version 12.00
# Visual Studio Version 17
VisualStudioVersion = 17.5.33530.505
MinimumVisualStudioVersion = 10.0.40219.1
Project("{9A19103F-16F7-4668-BE54-9A1E7A4F7556}") = "cetho.Module", "cetho.Module\cetho.Module.csproj", "{E154E641-AC06-4756-96D0-EBAD5DAEAA52}"
EndProject
Project("{9A19103F-16F7-4668-BE54-9A1E7A4F7556}") = "cetho.Win", "cetho.Win\cetho.Win.csproj", "{2FD9F2E0-AEF5-40C2-8003-41F0DFBBEB3A}"
EndProject
Project("{9A19103F-16F7-4668-BE54-9A1E7A4F7556}") = "cetho.Blazor.Server", "cetho.Blazor.Server\cetho.Blazor.Server.csproj", "{06E1E715-8D8A-40BC-B7F1-940BFDA0EFBE}"
EndProject
Global
	GlobalSection(SolutionConfigurationPlatforms) = preSolution
		Debug|Any CPU = Debug|Any CPU
		EasyTest|Any CPU = EasyTest|Any CPU
		Release|Any CPU = Release|Any CPU
	EndGlobalSection
	GlobalSection(ProjectConfigurationPlatforms) = postSolution
		{E154E641-AC06-4756-96D0-EBAD5DAEAA52}.Debug|Any CPU.ActiveCfg = Debug|Any CPU
		{E154E641-AC06-4756-96D0-EBAD5DAEAA52}.Debug|Any CPU.Build.0 = Debug|Any CPU
		{E154E641-AC06-4756-96D0-EBAD5DAEAA52}.EasyTest|Any CPU.ActiveCfg = EasyTest|Any CPU
		{E154E641-AC06-4756-96D0-EBAD5DAEAA52}.EasyTest|Any CPU.Build.0 = EasyTest|Any CPU
		{E154E641-AC06-4756-96D0-EBAD5DAEAA52}.Release|Any CPU.ActiveCfg = Release|Any CPU
		{E154E641-AC06-4756-96D0-EBAD5DAEAA52}.Release|Any CPU.Build.0 = Release|Any CPU
		{2FD9F2E0-AEF5-40C2-8003-41F0DFBBEB3A}.Debug|Any CPU.ActiveCfg = Debug|Any CPU
		{2FD9F2E0-AEF5-40C2-8003-41F0DFBBEB3A}.Debug|Any CPU.Build.0 = Debug|Any CPU
		{2FD9F2E0-AEF5-40C2-8003-41F0DFBBEB3A}.EasyTest|Any CPU.ActiveCfg = EasyTest|Any CPU
		{2FD9F2E0-AEF5-40C2-8003-41F0DFBBEB3A}.EasyTest|Any CPU.Build.0 = EasyTest|Any CPU
		{2FD9F2E0-AEF5-40C2-8003-41F0DFBBEB3A}.Release|Any CPU.ActiveCfg = Release|Any CPU
		{2FD9F2E0-AEF5-40C2-8003-41F0DFBBEB3A}.Release|Any CPU.Build.0 = Release|Any CPU
		{06E1E715-8D8A-40BC-B7F1-940BFDA0EFBE}.Debug|Any CPU.ActiveCfg = Debug|Any CPU
		{06E1E715-8D8A-40BC-B7F1-940BFDA0EFBE}.Debug|Any CPU.Build.0 = Debug|Any CPU
		{06E1E715-8D8A-40BC-B7F1-940BFDA0EFBE}.EasyTest|Any CPU.ActiveCfg = EasyTest|Any CPU
		{06E1E715-8D8A-40BC-B7F1-940BFDA0EFBE}.EasyTest|Any CPU.Build.0 = EasyTest|Any CPU
		{06E1E715-8D8A-40BC-B7F1-940BFDA0EFBE}.Release|Any CPU.ActiveCfg = Release|Any CPU
		{06E1E715-8D8A-40BC-B7F1-940BFDA0EFBE}.Release|Any CPU.Build.0 = Release|Any CPU
	EndGlobalSection
	GlobalSection(SolutionProperties) = preSolution
		HideSolutionNode = FALSE
	EndGlobalSection
	GlobalSection(ExtensibilityGlobals) = postSolution
		SolutionGuid = {2FE07F14-F9F6-4E81-A0FE-6C4098AD7F98}
	EndGlobalSection
EndGlobal
